
Microsoft Visual Studio Solution File, Format Version 12.00
# Visual Studio Version 17
VisualStudioVersion = 17.4.33122.133
MinimumVisualStudioVersion = 10.0.40219.1
Project("{888888A0-9F3D-457C-B088-3A5042F75D52}") = "Задача_4_разница_между_макс_мин_дробной_части", "Задача_4_разница_между_макс_мин_дробной_части.pyproj", "{96637F90-0926-4096-988E-0BF6146FCF2A}"
EndProject
Global
	GlobalSection(SolutionConfigurationPlatforms) = preSolution
		Debug|Any CPU = Debug|Any CPU
		Release|Any CPU = Release|Any CPU
	EndGlobalSection
	GlobalSection(ProjectConfigurationPlatforms) = postSolution
		{96637F90-0926-4096-988E-0BF6146FCF2A}.Debug|Any CPU.ActiveCfg = Debug|Any CPU
		{96637F90-0926-4096-988E-0BF6146FCF2A}.Release|Any CPU.ActiveCfg = Release|Any CPU
	EndGlobalSection
	GlobalSection(SolutionProperties) = preSolution
		HideSolutionNode = FALSE
	EndGlobalSection
	GlobalSection(ExtensibilityGlobals) = postSolution
		SolutionGuid = {2E321853-3F85-43CC-8B9A-3B4EF24DAECE}
	EndGlobalSection
EndGlobal
