
Microsoft Visual Studio Solution File, Format Version 12.00
# Visual Studio Version 17
VisualStudioVersion = 17.3.32922.545
MinimumVisualStudioVersion = 10.0.40219.1
Project("{888888A0-9F3D-457C-B088-3A5042F75D52}") = "Задача5", "Задача5.pyproj", "{D04BA26D-AE81-4F56-B073-B1A3B664B0DD}"
EndProject
Global
	GlobalSection(SolutionConfigurationPlatforms) = preSolution
		Debug|Any CPU = Debug|Any CPU
		Release|Any CPU = Release|Any CPU
	EndGlobalSection
	GlobalSection(ProjectConfigurationPlatforms) = postSolution
		{D04BA26D-AE81-4F56-B073-B1A3B664B0DD}.Debug|Any CPU.ActiveCfg = Debug|Any CPU
		{D04BA26D-AE81-4F56-B073-B1A3B664B0DD}.Release|Any CPU.ActiveCfg = Release|Any CPU
	EndGlobalSection
	GlobalSection(SolutionProperties) = preSolution
		HideSolutionNode = FALSE
	EndGlobalSection
	GlobalSection(ExtensibilityGlobals) = postSolution
		SolutionGuid = {F1640189-7A2D-414A-9A22-3DEAB9F96E62}
	EndGlobalSection
EndGlobal
