
Microsoft Visual Studio Solution File, Format Version 12.00
# Visual Studio Version 17
VisualStudioVersion = 17.3.32922.545
MinimumVisualStudioVersion = 10.0.40219.1
Project("{888888A0-9F3D-457C-B088-3A5042F75D52}") = "Задача1", "Задача1.pyproj", "{850F7320-8353-4BC3-9FA9-47642ED6D259}"
EndProject
Global
	GlobalSection(SolutionConfigurationPlatforms) = preSolution
		Debug|Any CPU = Debug|Any CPU
		Release|Any CPU = Release|Any CPU
	EndGlobalSection
	GlobalSection(ProjectConfigurationPlatforms) = postSolution
		{850F7320-8353-4BC3-9FA9-47642ED6D259}.Debug|Any CPU.ActiveCfg = Debug|Any CPU
		{850F7320-8353-4BC3-9FA9-47642ED6D259}.Release|Any CPU.ActiveCfg = Release|Any CPU
	EndGlobalSection
	GlobalSection(SolutionProperties) = preSolution
		HideSolutionNode = FALSE
	EndGlobalSection
	GlobalSection(ExtensibilityGlobals) = postSolution
		SolutionGuid = {14947149-FD50-4728-96CB-C5A6966DE709}
	EndGlobalSection
EndGlobal
