
Microsoft Visual Studio Solution File, Format Version 12.00
# Visual Studio Version 17
VisualStudioVersion = 17.3.32922.545
MinimumVisualStudioVersion = 10.0.40219.1
Project("{888888A0-9F3D-457C-B088-3A5042F75D52}") = "Семинар_3", "Семинар_3.pyproj", "{BF3BCE6C-1273-49A2-8871-A0CEFCE2E24B}"
EndProject
Global
	GlobalSection(SolutionConfigurationPlatforms) = preSolution
		Debug|Any CPU = Debug|Any CPU
		Release|Any CPU = Release|Any CPU
	EndGlobalSection
	GlobalSection(ProjectConfigurationPlatforms) = postSolution
		{BF3BCE6C-1273-49A2-8871-A0CEFCE2E24B}.Debug|Any CPU.ActiveCfg = Debug|Any CPU
		{BF3BCE6C-1273-49A2-8871-A0CEFCE2E24B}.Release|Any CPU.ActiveCfg = Release|Any CPU
	EndGlobalSection
	GlobalSection(SolutionProperties) = preSolution
		HideSolutionNode = FALSE
	EndGlobalSection
	GlobalSection(ExtensibilityGlobals) = postSolution
		SolutionGuid = {328952E9-314B-459B-98C3-47D5599C444F}
	EndGlobalSection
EndGlobal
