
Microsoft Visual Studio Solution File, Format Version 12.00
# Visual Studio Version 17
VisualStudioVersion = 17.4.33122.133
MinimumVisualStudioVersion = 10.0.40219.1
Project("{888888A0-9F3D-457C-B088-3A5042F75D52}") = "Задача_3_крестики_нолики", "Задача_3_крестики_нолики.pyproj", "{FE3C9B9C-463C-4913-804A-D0337BDA0E5B}"
EndProject
Global
	GlobalSection(SolutionConfigurationPlatforms) = preSolution
		Debug|Any CPU = Debug|Any CPU
		Release|Any CPU = Release|Any CPU
	EndGlobalSection
	GlobalSection(ProjectConfigurationPlatforms) = postSolution
		{FE3C9B9C-463C-4913-804A-D0337BDA0E5B}.Debug|Any CPU.ActiveCfg = Debug|Any CPU
		{FE3C9B9C-463C-4913-804A-D0337BDA0E5B}.Release|Any CPU.ActiveCfg = Release|Any CPU
	EndGlobalSection
	GlobalSection(SolutionProperties) = preSolution
		HideSolutionNode = FALSE
	EndGlobalSection
	GlobalSection(ExtensibilityGlobals) = postSolution
		SolutionGuid = {4E1D613E-1439-4C8E-B9F9-24048BA8FD65}
	EndGlobalSection
EndGlobal
