
Microsoft Visual Studio Solution File, Format Version 12.00
# Visual Studio Version 17
VisualStudioVersion = 17.4.33122.133
MinimumVisualStudioVersion = 10.0.40219.1
Project("{888888A0-9F3D-457C-B088-3A5042F75D52}") = "Задача_2_игра_с_конфетами", "Задача_2_игра_с_конфетами.pyproj", "{426DEFFE-BF3F-4BAA-9DF0-267A97CB5634}"
EndProject
Global
	GlobalSection(SolutionConfigurationPlatforms) = preSolution
		Debug|Any CPU = Debug|Any CPU
		Release|Any CPU = Release|Any CPU
	EndGlobalSection
	GlobalSection(ProjectConfigurationPlatforms) = postSolution
		{426DEFFE-BF3F-4BAA-9DF0-267A97CB5634}.Debug|Any CPU.ActiveCfg = Debug|Any CPU
		{426DEFFE-BF3F-4BAA-9DF0-267A97CB5634}.Release|Any CPU.ActiveCfg = Release|Any CPU
	EndGlobalSection
	GlobalSection(SolutionProperties) = preSolution
		HideSolutionNode = FALSE
	EndGlobalSection
	GlobalSection(ExtensibilityGlobals) = postSolution
		SolutionGuid = {406A3A54-2832-4B2E-94E2-6D923F094ACE}
	EndGlobalSection
EndGlobal
