
Microsoft Visual Studio Solution File, Format Version 12.00
# Visual Studio Version 17
VisualStudioVersion = 17.3.32922.545
MinimumVisualStudioVersion = 10.0.40219.1
Project("{888888A0-9F3D-457C-B088-3A5042F75D52}") = "Семинар2", "Семинар2.pyproj", "{0A29583F-3C10-446C-AA20-DF2AB71B044A}"
EndProject
Global
	GlobalSection(SolutionConfigurationPlatforms) = preSolution
		Debug|Any CPU = Debug|Any CPU
		Release|Any CPU = Release|Any CPU
	EndGlobalSection
	GlobalSection(ProjectConfigurationPlatforms) = postSolution
		{0A29583F-3C10-446C-AA20-DF2AB71B044A}.Debug|Any CPU.ActiveCfg = Debug|Any CPU
		{0A29583F-3C10-446C-AA20-DF2AB71B044A}.Release|Any CPU.ActiveCfg = Release|Any CPU
	EndGlobalSection
	GlobalSection(SolutionProperties) = preSolution
		HideSolutionNode = FALSE
	EndGlobalSection
	GlobalSection(ExtensibilityGlobals) = postSolution
		SolutionGuid = {EEFB7981-359B-4970-9355-AE29C69922F5}
	EndGlobalSection
EndGlobal
