
Microsoft Visual Studio Solution File, Format Version 12.00
# Visual Studio Version 17
VisualStudioVersion = 17.4.33122.133
MinimumVisualStudioVersion = 10.0.40219.1
Project("{888888A0-9F3D-457C-B088-3A5042F75D52}") = "Задача_2_Список_неповторяющихся_элементов_последовательности", "Задача_2_Список_неповторяющихся_элементов_последовательности.pyproj", "{C2D83AB7-CA2D-4265-8CF5-A388CA85F7B4}"
EndProject
Global
	GlobalSection(SolutionConfigurationPlatforms) = preSolution
		Debug|Any CPU = Debug|Any CPU
		Release|Any CPU = Release|Any CPU
	EndGlobalSection
	GlobalSection(ProjectConfigurationPlatforms) = postSolution
		{C2D83AB7-CA2D-4265-8CF5-A388CA85F7B4}.Debug|Any CPU.ActiveCfg = Debug|Any CPU
		{C2D83AB7-CA2D-4265-8CF5-A388CA85F7B4}.Release|Any CPU.ActiveCfg = Release|Any CPU
	EndGlobalSection
	GlobalSection(SolutionProperties) = preSolution
		HideSolutionNode = FALSE
	EndGlobalSection
	GlobalSection(ExtensibilityGlobals) = postSolution
		SolutionGuid = {39752C28-5F8C-4D91-9B3D-07511D009159}
	EndGlobalSection
EndGlobal
