
Microsoft Visual Studio Solution File, Format Version 12.00
# Visual Studio Version 17
VisualStudioVersion = 17.4.33122.133
MinimumVisualStudioVersion = 10.0.40219.1
Project("{888888A0-9F3D-457C-B088-3A5042F75D52}") = "Задача_1_простые множители", "Задача_1_простые множители.pyproj", "{9E24BB35-7207-40A2-A670-2DBABFABCB00}"
EndProject
Global
	GlobalSection(SolutionConfigurationPlatforms) = preSolution
		Debug|Any CPU = Debug|Any CPU
		Release|Any CPU = Release|Any CPU
	EndGlobalSection
	GlobalSection(ProjectConfigurationPlatforms) = postSolution
		{9E24BB35-7207-40A2-A670-2DBABFABCB00}.Debug|Any CPU.ActiveCfg = Debug|Any CPU
		{9E24BB35-7207-40A2-A670-2DBABFABCB00}.Release|Any CPU.ActiveCfg = Release|Any CPU
	EndGlobalSection
	GlobalSection(SolutionProperties) = preSolution
		HideSolutionNode = FALSE
	EndGlobalSection
	GlobalSection(ExtensibilityGlobals) = postSolution
		SolutionGuid = {B0B4A396-DE18-4E91-B492-EADE28028AEB}
	EndGlobalSection
EndGlobal
